
Microsoft Visual Studio Solution File, Format Version 12.00
# Visual Studio 15
VisualStudioVersion = 15.0.28307.102
MinimumVisualStudioVersion = 10.0.40219.1
Project("{FAE04EC0-301F-11D3-BF4B-00C04F79EFBC}") = "Step126", "Step126\Step126.csproj", "{F8DC468A-1966-41D9-A061-24AD4466D4D3}"
EndProject
Global
	GlobalSection(SolutionConfigurationPlatforms) = preSolution
		Debug|Any CPU = Debug|Any CPU
		Release|Any CPU = Release|Any CPU
	EndGlobalSection
	GlobalSection(ProjectConfigurationPlatforms) = postSolution
		{F8DC468A-1966-41D9-A061-24AD4466D4D3}.Debug|Any CPU.ActiveCfg = Debug|Any CPU
		{F8DC468A-1966-41D9-A061-24AD4466D4D3}.Debug|Any CPU.Build.0 = Debug|Any CPU
		{F8DC468A-1966-41D9-A061-24AD4466D4D3}.Release|Any CPU.ActiveCfg = Release|Any CPU
		{F8DC468A-1966-41D9-A061-24AD4466D4D3}.Release|Any CPU.Build.0 = Release|Any CPU
	EndGlobalSection
	GlobalSection(SolutionProperties) = preSolution
		HideSolutionNode = FALSE
	EndGlobalSection
	GlobalSection(ExtensibilityGlobals) = postSolution
		SolutionGuid = {54B10CA0-91DA-4DB4-9A90-2004F8C40C02}
	EndGlobalSection
EndGlobal
